// !$*UTF8*$!
{
	archiveVersion = 1;
	classes = {
	};
	objectVersion = 46;
	objects = {

/* Begin PBXBuildFile section */
		35A8FCD5B7542B0B9F8020F3 /* Pods_altTests.framework in Frameworks */ = {isa = PBXBuildFile; fileRef = 39644B0489CD74023164E9B7 /* Pods_altTests.framework */; };
		703882007D9731A5794F5E47 /* Pods_altUITests.framework in Frameworks */ = {isa = PBXBuildFile; fileRef = 279D56D1FB5811E43EC36C7D /* Pods_altUITests.framework */; };
		98D8E632B3AFA2DB69E57FFF /* Pods_alt.framework in Frameworks */ = {isa = PBXBuildFile; fileRef = 1974AD05CB05EE7219F31E9F /* Pods_alt.framework */; };
		C117468F1F28F33F00FCBBDA /* LectureSettingViewContoroller.swift in Sources */ = {isa = PBXBuildFile; fileRef = C117468E1F28F33F00FCBBDA /* LectureSettingViewContoroller.swift */; };
		C11746921F28F47200FCBBDA /* LectureSettingTableViewCell.swift in Sources */ = {isa = PBXBuildFile; fileRef = C11746901F28F47200FCBBDA /* LectureSettingTableViewCell.swift */; };
		C11746931F28F47200FCBBDA /* LectureSettingTableViewCell.xib in Resources */ = {isa = PBXBuildFile; fileRef = C11746911F28F47200FCBBDA /* LectureSettingTableViewCell.xib */; };
		C117DE6A1F20DB0D00E3BCB7 /* UIView+addCardShadow.swift in Sources */ = {isa = PBXBuildFile; fileRef = C117DE691F20DB0D00E3BCB7 /* UIView+addCardShadow.swift */; };
		C117DE6C1F20EB2E00E3BCB7 /* UIView+addBorderBottom.swift in Sources */ = {isa = PBXBuildFile; fileRef = C117DE6B1F20EB2E00E3BCB7 /* UIView+addBorderBottom.swift */; };
		C11F36E91F32C384009503B6 /* RealmLectures.swift in Sources */ = {isa = PBXBuildFile; fileRef = C11F36E81F32C384009503B6 /* RealmLectures.swift */; };
		C11F51A01F4D62E5005D70E3 /* TwoOptionCardTableViewCell.swift in Sources */ = {isa = PBXBuildFile; fileRef = C11F519E1F4D62E5005D70E3 /* TwoOptionCardTableViewCell.swift */; };
		C11F51A11F4D62E5005D70E3 /* TwoOptionCardTableViewCell.xib in Resources */ = {isa = PBXBuildFile; fileRef = C11F519F1F4D62E5005D70E3 /* TwoOptionCardTableViewCell.xib */; };
		C126B4811F4B25D70080ADF6 /* AnswerCardTableViewCell.swift in Sources */ = {isa = PBXBuildFile; fileRef = C126B47F1F4B25D70080ADF6 /* AnswerCardTableViewCell.swift */; };
		C126B4821F4B25D80080ADF6 /* AnswerCardTableViewCell.xib in Resources */ = {isa = PBXBuildFile; fileRef = C126B4801F4B25D70080ADF6 /* AnswerCardTableViewCell.xib */; };
		C13742F61F3706220029208E /* UIView+makeOptionsButton().swift in Sources */ = {isa = PBXBuildFile; fileRef = C13742F51F3706220029208E /* UIView+makeOptionsButton().swift */; };
		C144E5971F612DB200C6C86F /* Question.swift in Sources */ = {isa = PBXBuildFile; fileRef = C144E5961F612DB200C6C86F /* Question.swift */; };
		C14713221F8603D6001C5A7F /* Lecture.swift in Sources */ = {isa = PBXBuildFile; fileRef = C14713211F8603D6001C5A7F /* Lecture.swift */; };
		C15EFF6C1F29DAEC0029593E /* UIView+setGradientLayer.swift in Sources */ = {isa = PBXBuildFile; fileRef = C15EFF6B1F29DAEC0029593E /* UIView+setGradientLayer.swift */; };
		C17213CE1F355A6400AB786A /* QuestionWithAnswerCardTableViewCell.swift in Sources */ = {isa = PBXBuildFile; fileRef = C17213CC1F355A6400AB786A /* QuestionWithAnswerCardTableViewCell.swift */; };
		C17213CF1F355A6400AB786A /* QuestionWithAnswerCardTableViewCell.xib in Resources */ = {isa = PBXBuildFile; fileRef = C17213CD1F355A6400AB786A /* QuestionWithAnswerCardTableViewCell.xib */; };
		C17213D21F36C43400AB786A /* QuestionCardTableViewCell.swift in Sources */ = {isa = PBXBuildFile; fileRef = C17213D01F36C43400AB786A /* QuestionCardTableViewCell.swift */; };
		C17213D31F36C43400AB786A /* QuestionCardTableViewCell.xib in Resources */ = {isa = PBXBuildFile; fileRef = C17213D11F36C43400AB786A /* QuestionCardTableViewCell.xib */; };
		C174511F1F556E4100C0B0B6 /* ThreeOptionCardTableViewCell.swift in Sources */ = {isa = PBXBuildFile; fileRef = C174511D1F556E4100C0B0B6 /* ThreeOptionCardTableViewCell.swift */; };
		C17451201F556E4100C0B0B6 /* ThreeOptionCardTableViewCell.xib in Resources */ = {isa = PBXBuildFile; fileRef = C174511E1F556E4100C0B0B6 /* ThreeOptionCardTableViewCell.xib */; };
		C17451231F5573CA00C0B0B6 /* FourOptionCardTableViewCell.swift in Sources */ = {isa = PBXBuildFile; fileRef = C17451211F5573CA00C0B0B6 /* FourOptionCardTableViewCell.swift */; };
		C17451241F5573CA00C0B0B6 /* FourOptionCardTableViewCell.xib in Resources */ = {isa = PBXBuildFile; fileRef = C17451221F5573CA00C0B0B6 /* FourOptionCardTableViewCell.xib */; };
		C178C4C01F1B70A10089BAFF /* UIColor+colorFromRGB.swift in Sources */ = {isa = PBXBuildFile; fileRef = C178C4BF1F1B70A10089BAFF /* UIColor+colorFromRGB.swift */; };
		C17E96281F39B4C9000C8DFF /* TabOptionDeligateProtocol.swift in Sources */ = {isa = PBXBuildFile; fileRef = C17E96271F39B4C9000C8DFF /* TabOptionDeligateProtocol.swift */; };
		C196F6E41F330BB80079929B /* voice_icon_50px_100@2x.png in Resources */ = {isa = PBXBuildFile; fileRef = C196F6E21F330BB80079929B /* voice_icon_50px_100@2x.png */; };
		C196F6E81F330ECA0079929B /* voice_icon_50px_50@2x.png in Resources */ = {isa = PBXBuildFile; fileRef = C196F6E71F330ECA0079929B /* voice_icon_50px_50@2x.png */; };
		C196F6EB1F33105D0079929B /* home_icon_50px_50_@2x.png in Resources */ = {isa = PBXBuildFile; fileRef = C196F6E91F33105D0079929B /* home_icon_50px_50_@2x.png */; };
		C196F6EC1F33105D0079929B /* home_icon_50px_100_@2x.png in Resources */ = {isa = PBXBuildFile; fileRef = C196F6EA1F33105D0079929B /* home_icon_50px_100_@2x.png */; };
		C196F6F01F3341480079929B /* LectureSelectingViewController.swift in Sources */ = {isa = PBXBuildFile; fileRef = C196F6EF1F3341480079929B /* LectureSelectingViewController.swift */; };
		C19CE5CA1F8B1FCF00FE9094 /* DepartmentSettingViewController.swift in Sources */ = {isa = PBXBuildFile; fileRef = C19CE5C91F8B1FCF00FE9094 /* DepartmentSettingViewController.swift */; };
		C19CE5CC1F8B367800FE9094 /* StartTourNavigationController.swift in Sources */ = {isa = PBXBuildFile; fileRef = C19CE5CB1F8B367800FE9094 /* StartTourNavigationController.swift */; };
		C19D21EE1F6503C2000E7ECC /* GradeSettingViewController.swift in Sources */ = {isa = PBXBuildFile; fileRef = C19D21ED1F6503C2000E7ECC /* GradeSettingViewController.swift */; };
		C1AA89791F49E3A20093FF52 /* QuestionDetailViewController.swift in Sources */ = {isa = PBXBuildFile; fileRef = C1AA89781F49E3A20093FF52 /* QuestionDetailViewController.swift */; };
		C1C4F7121F271E08005A4E71 /* AltTabBarController.swift in Sources */ = {isa = PBXBuildFile; fileRef = C1C4F7111F271E08005A4E71 /* AltTabBarController.swift */; };
		C1C4F7171F272227005A4E71 /* WeatherCardTableViewCell.swift in Sources */ = {isa = PBXBuildFile; fileRef = C1C4F7151F272227005A4E71 /* WeatherCardTableViewCell.swift */; };
		C1C4F7181F272227005A4E71 /* WeatherCardTableViewCell.xib in Resources */ = {isa = PBXBuildFile; fileRef = C1C4F7161F272227005A4E71 /* WeatherCardTableViewCell.xib */; };
		C1CE9A711F1E536600B9EE0D /* TextCardTableViewCell.swift in Sources */ = {isa = PBXBuildFile; fileRef = C1CE9A6F1F1E536600B9EE0D /* TextCardTableViewCell.swift */; };
		C1CE9A721F1E536600B9EE0D /* TextCardTableViewCell.xib in Resources */ = {isa = PBXBuildFile; fileRef = C1CE9A701F1E536600B9EE0D /* TextCardTableViewCell.xib */; };
		C1CEB2FE1F4189930020FC78 /* NewQuestionViewController.swift in Sources */ = {isa = PBXBuildFile; fileRef = C1CEB2FD1F4189930020FC78 /* NewQuestionViewController.swift */; };
		C1D9D8A41F1B016400FBE298 /* AppDelegate.swift in Sources */ = {isa = PBXBuildFile; fileRef = C1D9D8A31F1B016400FBE298 /* AppDelegate.swift */; };
		C1D9D8A61F1B016400FBE298 /* FirstViewController.swift in Sources */ = {isa = PBXBuildFile; fileRef = C1D9D8A51F1B016400FBE298 /* FirstViewController.swift */; };
		C1D9D8A81F1B016400FBE298 /* SecondViewController.swift in Sources */ = {isa = PBXBuildFile; fileRef = C1D9D8A71F1B016400FBE298 /* SecondViewController.swift */; };
		C1D9D8AB1F1B016400FBE298 /* Main.storyboard in Resources */ = {isa = PBXBuildFile; fileRef = C1D9D8A91F1B016400FBE298 /* Main.storyboard */; };
		C1D9D8AD1F1B016400FBE298 /* Assets.xcassets in Resources */ = {isa = PBXBuildFile; fileRef = C1D9D8AC1F1B016400FBE298 /* Assets.xcassets */; };
		C1D9D8B01F1B016400FBE298 /* LaunchScreen.storyboard in Resources */ = {isa = PBXBuildFile; fileRef = C1D9D8AE1F1B016400FBE298 /* LaunchScreen.storyboard */; };
		C1D9D8BB1F1B016500FBE298 /* altTests.swift in Sources */ = {isa = PBXBuildFile; fileRef = C1D9D8BA1F1B016500FBE298 /* altTests.swift */; };
		C1D9D8C61F1B016500FBE298 /* altUITests.swift in Sources */ = {isa = PBXBuildFile; fileRef = C1D9D8C51F1B016500FBE298 /* altUITests.swift */; };
		C1D9D8D71F1B053400FBE298 /* LectureCardTableViewCell.swift in Sources */ = {isa = PBXBuildFile; fileRef = C1D9D8D51F1B053400FBE298 /* LectureCardTableViewCell.swift */; };
		C1D9D8D81F1B053400FBE298 /* LectureCardTableViewCell.xib in Resources */ = {isa = PBXBuildFile; fileRef = C1D9D8D61F1B053400FBE298 /* LectureCardTableViewCell.xib */; };
		C1EDA0721F52928400748316 /* NewSurveyViewController.swift in Sources */ = {isa = PBXBuildFile; fileRef = C1EDA0711F52928400748316 /* NewSurveyViewController.swift */; };
		C1F7E1821F27276B0069D32C /* GetWeatherData.swift in Sources */ = {isa = PBXBuildFile; fileRef = C1F7E1811F27276B0069D32C /* GetWeatherData.swift */; };
		C1F7E1841F2736670069D32C /* altoLogo2AppIcon.jpg in Resources */ = {isa = PBXBuildFile; fileRef = C1F7E1831F2736670069D32C /* altoLogo2AppIcon.jpg */; };
/* End PBXBuildFile section */

/* Begin PBXContainerItemProxy section */
		C1D9D8B71F1B016500FBE298 /* PBXContainerItemProxy */ = {
			isa = PBXContainerItemProxy;
			containerPortal = C1D9D8981F1B016400FBE298 /* Project object */;
			proxyType = 1;
			remoteGlobalIDString = C1D9D89F1F1B016400FBE298;
			remoteInfo = alt;
		};
		C1D9D8C21F1B016500FBE298 /* PBXContainerItemProxy */ = {
			isa = PBXContainerItemProxy;
			containerPortal = C1D9D8981F1B016400FBE298 /* Project object */;
			proxyType = 1;
			remoteGlobalIDString = C1D9D89F1F1B016400FBE298;
			remoteInfo = alt;
		};
/* End PBXContainerItemProxy section */

/* Begin PBXFileReference section */
		01C351522B8AA889C2FBC340 /* Pods-alt.debug.xcconfig */ = {isa = PBXFileReference; includeInIndex = 1; lastKnownFileType = text.xcconfig; name = "Pods-alt.debug.xcconfig"; path = "Pods/Target Support Files/Pods-alt/Pods-alt.debug.xcconfig"; sourceTree = "<group>"; };
		1974AD05CB05EE7219F31E9F /* Pods_alt.framework */ = {isa = PBXFileReference; explicitFileType = wrapper.framework; includeInIndex = 0; path = Pods_alt.framework; sourceTree = BUILT_PRODUCTS_DIR; };
		279D56D1FB5811E43EC36C7D /* Pods_altUITests.framework */ = {isa = PBXFileReference; explicitFileType = wrapper.framework; includeInIndex = 0; path = Pods_altUITests.framework; sourceTree = BUILT_PRODUCTS_DIR; };
		39644B0489CD74023164E9B7 /* Pods_altTests.framework */ = {isa = PBXFileReference; explicitFileType = wrapper.framework; includeInIndex = 0; path = Pods_altTests.framework; sourceTree = BUILT_PRODUCTS_DIR; };
		7323919BB78FB72A04F18642 /* Pods-altTests.release.xcconfig */ = {isa = PBXFileReference; includeInIndex = 1; lastKnownFileType = text.xcconfig; name = "Pods-altTests.release.xcconfig"; path = "Pods/Target Support Files/Pods-altTests/Pods-altTests.release.xcconfig"; sourceTree = "<group>"; };
		9E91396E4BFE6833F7B17992 /* Pods-altUITests.debug.xcconfig */ = {isa = PBXFileReference; includeInIndex = 1; lastKnownFileType = text.xcconfig; name = "Pods-altUITests.debug.xcconfig"; path = "Pods/Target Support Files/Pods-altUITests/Pods-altUITests.debug.xcconfig"; sourceTree = "<group>"; };
		C117468E1F28F33F00FCBBDA /* LectureSettingViewContoroller.swift */ = {isa = PBXFileReference; fileEncoding = 4; lastKnownFileType = sourcecode.swift; path = LectureSettingViewContoroller.swift; sourceTree = "<group>"; };
		C11746901F28F47200FCBBDA /* LectureSettingTableViewCell.swift */ = {isa = PBXFileReference; fileEncoding = 4; lastKnownFileType = sourcecode.swift; path = LectureSettingTableViewCell.swift; sourceTree = "<group>"; };
		C11746911F28F47200FCBBDA /* LectureSettingTableViewCell.xib */ = {isa = PBXFileReference; fileEncoding = 4; lastKnownFileType = file.xib; path = LectureSettingTableViewCell.xib; sourceTree = "<group>"; };
		C117DE691F20DB0D00E3BCB7 /* UIView+addCardShadow.swift */ = {isa = PBXFileReference; fileEncoding = 4; lastKnownFileType = sourcecode.swift; path = "UIView+addCardShadow.swift"; sourceTree = "<group>"; };
		C117DE6B1F20EB2E00E3BCB7 /* UIView+addBorderBottom.swift */ = {isa = PBXFileReference; fileEncoding = 4; lastKnownFileType = sourcecode.swift; path = "UIView+addBorderBottom.swift"; sourceTree = "<group>"; };
		C11F36E81F32C384009503B6 /* RealmLectures.swift */ = {isa = PBXFileReference; fileEncoding = 4; lastKnownFileType = sourcecode.swift; path = RealmLectures.swift; sourceTree = "<group>"; };
		C11F519E1F4D62E5005D70E3 /* TwoOptionCardTableViewCell.swift */ = {isa = PBXFileReference; fileEncoding = 4; lastKnownFileType = sourcecode.swift; path = TwoOptionCardTableViewCell.swift; sourceTree = "<group>"; };
		C11F519F1F4D62E5005D70E3 /* TwoOptionCardTableViewCell.xib */ = {isa = PBXFileReference; fileEncoding = 4; lastKnownFileType = file.xib; path = TwoOptionCardTableViewCell.xib; sourceTree = "<group>"; };
		C126B47F1F4B25D70080ADF6 /* AnswerCardTableViewCell.swift */ = {isa = PBXFileReference; fileEncoding = 4; lastKnownFileType = sourcecode.swift; path = AnswerCardTableViewCell.swift; sourceTree = "<group>"; };
		C126B4801F4B25D70080ADF6 /* AnswerCardTableViewCell.xib */ = {isa = PBXFileReference; fileEncoding = 4; lastKnownFileType = file.xib; path = AnswerCardTableViewCell.xib; sourceTree = "<group>"; };
		C13742F51F3706220029208E /* UIView+makeOptionsButton().swift */ = {isa = PBXFileReference; fileEncoding = 4; lastKnownFileType = sourcecode.swift; path = "UIView+makeOptionsButton().swift"; sourceTree = "<group>"; };
		C144E5961F612DB200C6C86F /* Question.swift */ = {isa = PBXFileReference; fileEncoding = 4; lastKnownFileType = sourcecode.swift; path = Question.swift; sourceTree = "<group>"; };
		C14713211F8603D6001C5A7F /* Lecture.swift */ = {isa = PBXFileReference; lastKnownFileType = sourcecode.swift; path = Lecture.swift; sourceTree = "<group>"; };
		C15EFF6B1F29DAEC0029593E /* UIView+setGradientLayer.swift */ = {isa = PBXFileReference; fileEncoding = 4; lastKnownFileType = sourcecode.swift; path = "UIView+setGradientLayer.swift"; sourceTree = "<group>"; };
		C17213CC1F355A6400AB786A /* QuestionWithAnswerCardTableViewCell.swift */ = {isa = PBXFileReference; fileEncoding = 4; lastKnownFileType = sourcecode.swift; path = QuestionWithAnswerCardTableViewCell.swift; sourceTree = "<group>"; };
		C17213CD1F355A6400AB786A /* QuestionWithAnswerCardTableViewCell.xib */ = {isa = PBXFileReference; fileEncoding = 4; lastKnownFileType = file.xib; path = QuestionWithAnswerCardTableViewCell.xib; sourceTree = "<group>"; };
		C17213D01F36C43400AB786A /* QuestionCardTableViewCell.swift */ = {isa = PBXFileReference; fileEncoding = 4; lastKnownFileType = sourcecode.swift; path = QuestionCardTableViewCell.swift; sourceTree = "<group>"; };
		C17213D11F36C43400AB786A /* QuestionCardTableViewCell.xib */ = {isa = PBXFileReference; fileEncoding = 4; lastKnownFileType = file.xib; path = QuestionCardTableViewCell.xib; sourceTree = "<group>"; };
		C174511D1F556E4100C0B0B6 /* ThreeOptionCardTableViewCell.swift */ = {isa = PBXFileReference; fileEncoding = 4; lastKnownFileType = sourcecode.swift; path = ThreeOptionCardTableViewCell.swift; sourceTree = "<group>"; };
		C174511E1F556E4100C0B0B6 /* ThreeOptionCardTableViewCell.xib */ = {isa = PBXFileReference; fileEncoding = 4; lastKnownFileType = file.xib; path = ThreeOptionCardTableViewCell.xib; sourceTree = "<group>"; };
		C17451211F5573CA00C0B0B6 /* FourOptionCardTableViewCell.swift */ = {isa = PBXFileReference; fileEncoding = 4; lastKnownFileType = sourcecode.swift; path = FourOptionCardTableViewCell.swift; sourceTree = "<group>"; };
		C17451221F5573CA00C0B0B6 /* FourOptionCardTableViewCell.xib */ = {isa = PBXFileReference; fileEncoding = 4; lastKnownFileType = file.xib; path = FourOptionCardTableViewCell.xib; sourceTree = "<group>"; };
		C178C4BF1F1B70A10089BAFF /* UIColor+colorFromRGB.swift */ = {isa = PBXFileReference; fileEncoding = 4; lastKnownFileType = sourcecode.swift; path = "UIColor+colorFromRGB.swift"; sourceTree = "<group>"; };
		C17E96271F39B4C9000C8DFF /* TabOptionDeligateProtocol.swift */ = {isa = PBXFileReference; fileEncoding = 4; lastKnownFileType = sourcecode.swift; path = TabOptionDeligateProtocol.swift; sourceTree = "<group>"; };
		C196F6E21F330BB80079929B /* voice_icon_50px_100@2x.png */ = {isa = PBXFileReference; lastKnownFileType = image.png; name = "voice_icon_50px_100@2x.png"; path = "../../../../Downloads/voice_icon_50px_100@2x.png"; sourceTree = "<group>"; };
		C196F6E71F330ECA0079929B /* voice_icon_50px_50@2x.png */ = {isa = PBXFileReference; lastKnownFileType = image.png; name = "voice_icon_50px_50@2x.png"; path = "../../../../Downloads/voice_icon_50px_50@2x.png"; sourceTree = "<group>"; };
		C196F6E91F33105D0079929B /* home_icon_50px_50_@2x.png */ = {isa = PBXFileReference; lastKnownFileType = image.png; name = "home_icon_50px_50_@2x.png"; path = "../../../../Downloads/home_icon_50px_50_@2x.png"; sourceTree = "<group>"; };
		C196F6EA1F33105D0079929B /* home_icon_50px_100_@2x.png */ = {isa = PBXFileReference; lastKnownFileType = image.png; name = "home_icon_50px_100_@2x.png"; path = "../../../../Downloads/home_icon_50px_100_@2x.png"; sourceTree = "<group>"; };
		C196F6EF1F3341480079929B /* LectureSelectingViewController.swift */ = {isa = PBXFileReference; fileEncoding = 4; lastKnownFileType = sourcecode.swift; path = LectureSelectingViewController.swift; sourceTree = "<group>"; };
		C19CE5C91F8B1FCF00FE9094 /* DepartmentSettingViewController.swift */ = {isa = PBXFileReference; lastKnownFileType = sourcecode.swift; path = DepartmentSettingViewController.swift; sourceTree = "<group>"; };
		C19CE5CB1F8B367800FE9094 /* StartTourNavigationController.swift */ = {isa = PBXFileReference; lastKnownFileType = sourcecode.swift; path = StartTourNavigationController.swift; sourceTree = "<group>"; };
		C19D21ED1F6503C2000E7ECC /* GradeSettingViewController.swift */ = {isa = PBXFileReference; fileEncoding = 4; lastKnownFileType = sourcecode.swift; path = GradeSettingViewController.swift; sourceTree = "<group>"; };
		C1AA89781F49E3A20093FF52 /* QuestionDetailViewController.swift */ = {isa = PBXFileReference; fileEncoding = 4; lastKnownFileType = sourcecode.swift; path = QuestionDetailViewController.swift; sourceTree = "<group>"; };
		C1C4F7111F271E08005A4E71 /* AltTabBarController.swift */ = {isa = PBXFileReference; fileEncoding = 4; lastKnownFileType = sourcecode.swift; path = AltTabBarController.swift; sourceTree = "<group>"; };
		C1C4F7151F272227005A4E71 /* WeatherCardTableViewCell.swift */ = {isa = PBXFileReference; fileEncoding = 4; lastKnownFileType = sourcecode.swift; path = WeatherCardTableViewCell.swift; sourceTree = "<group>"; };
		C1C4F7161F272227005A4E71 /* WeatherCardTableViewCell.xib */ = {isa = PBXFileReference; fileEncoding = 4; lastKnownFileType = file.xib; path = WeatherCardTableViewCell.xib; sourceTree = "<group>"; };
		C1CE9A6F1F1E536600B9EE0D /* TextCardTableViewCell.swift */ = {isa = PBXFileReference; fileEncoding = 4; lastKnownFileType = sourcecode.swift; path = TextCardTableViewCell.swift; sourceTree = "<group>"; };
		C1CE9A701F1E536600B9EE0D /* TextCardTableViewCell.xib */ = {isa = PBXFileReference; fileEncoding = 4; lastKnownFileType = file.xib; path = TextCardTableViewCell.xib; sourceTree = "<group>"; };
		C1CEB2FD1F4189930020FC78 /* NewQuestionViewController.swift */ = {isa = PBXFileReference; fileEncoding = 4; lastKnownFileType = sourcecode.swift; path = NewQuestionViewController.swift; sourceTree = "<group>"; };
		C1D9D8A01F1B016400FBE298 /* alt.app */ = {isa = PBXFileReference; explicitFileType = wrapper.application; includeInIndex = 0; path = alt.app; sourceTree = BUILT_PRODUCTS_DIR; };
		C1D9D8A31F1B016400FBE298 /* AppDelegate.swift */ = {isa = PBXFileReference; lastKnownFileType = sourcecode.swift; path = AppDelegate.swift; sourceTree = "<group>"; };
		C1D9D8A51F1B016400FBE298 /* FirstViewController.swift */ = {isa = PBXFileReference; lastKnownFileType = sourcecode.swift; path = FirstViewController.swift; sourceTree = "<group>"; };
		C1D9D8A71F1B016400FBE298 /* SecondViewController.swift */ = {isa = PBXFileReference; lastKnownFileType = sourcecode.swift; path = SecondViewController.swift; sourceTree = "<group>"; };
		C1D9D8AA1F1B016400FBE298 /* Base */ = {isa = PBXFileReference; lastKnownFileType = file.storyboard; name = Base; path = Base.lproj/Main.storyboard; sourceTree = "<group>"; };
		C1D9D8AC1F1B016400FBE298 /* Assets.xcassets */ = {isa = PBXFileReference; lastKnownFileType = folder.assetcatalog; path = Assets.xcassets; sourceTree = "<group>"; };
		C1D9D8AF1F1B016400FBE298 /* Base */ = {isa = PBXFileReference; lastKnownFileType = file.storyboard; name = Base; path = Base.lproj/LaunchScreen.storyboard; sourceTree = "<group>"; };
		C1D9D8B11F1B016400FBE298 /* Info.plist */ = {isa = PBXFileReference; lastKnownFileType = text.plist.xml; path = Info.plist; sourceTree = "<group>"; };
		C1D9D8B61F1B016500FBE298 /* altTests.xctest */ = {isa = PBXFileReference; explicitFileType = wrapper.cfbundle; includeInIndex = 0; path = altTests.xctest; sourceTree = BUILT_PRODUCTS_DIR; };
		C1D9D8BA1F1B016500FBE298 /* altTests.swift */ = {isa = PBXFileReference; lastKnownFileType = sourcecode.swift; path = altTests.swift; sourceTree = "<group>"; };
		C1D9D8BC1F1B016500FBE298 /* Info.plist */ = {isa = PBXFileReference; lastKnownFileType = text.plist.xml; path = Info.plist; sourceTree = "<group>"; };
		C1D9D8C11F1B016500FBE298 /* altUITests.xctest */ = {isa = PBXFileReference; explicitFileType = wrapper.cfbundle; includeInIndex = 0; path = altUITests.xctest; sourceTree = BUILT_PRODUCTS_DIR; };
		C1D9D8C51F1B016500FBE298 /* altUITests.swift */ = {isa = PBXFileReference; lastKnownFileType = sourcecode.swift; path = altUITests.swift; sourceTree = "<group>"; };
		C1D9D8C71F1B016500FBE298 /* Info.plist */ = {isa = PBXFileReference; lastKnownFileType = text.plist.xml; path = Info.plist; sourceTree = "<group>"; };
		C1D9D8D51F1B053400FBE298 /* LectureCardTableViewCell.swift */ = {isa = PBXFileReference; fileEncoding = 4; lastKnownFileType = sourcecode.swift; path = LectureCardTableViewCell.swift; sourceTree = "<group>"; };
		C1D9D8D61F1B053400FBE298 /* LectureCardTableViewCell.xib */ = {isa = PBXFileReference; fileEncoding = 4; lastKnownFileType = file.xib; path = LectureCardTableViewCell.xib; sourceTree = "<group>"; };
		C1EDA0711F52928400748316 /* NewSurveyViewController.swift */ = {isa = PBXFileReference; fileEncoding = 4; lastKnownFileType = sourcecode.swift; path = NewSurveyViewController.swift; sourceTree = "<group>"; };
		C1F7E1811F27276B0069D32C /* GetWeatherData.swift */ = {isa = PBXFileReference; fileEncoding = 4; lastKnownFileType = sourcecode.swift; path = GetWeatherData.swift; sourceTree = "<group>"; };
		C1F7E1831F2736670069D32C /* altoLogo2AppIcon.jpg */ = {isa = PBXFileReference; lastKnownFileType = image.jpeg; name = altoLogo2AppIcon.jpg; path = ../../00_logo/altoLogo2AppIcon.jpg; sourceTree = "<group>"; };
		E7F2372B74D8786B17055A6B /* Pods-altUITests.release.xcconfig */ = {isa = PBXFileReference; includeInIndex = 1; lastKnownFileType = text.xcconfig; name = "Pods-altUITests.release.xcconfig"; path = "Pods/Target Support Files/Pods-altUITests/Pods-altUITests.release.xcconfig"; sourceTree = "<group>"; };
		ED2B791A293D995C957BF863 /* Pods-alt.release.xcconfig */ = {isa = PBXFileReference; includeInIndex = 1; lastKnownFileType = text.xcconfig; name = "Pods-alt.release.xcconfig"; path = "Pods/Target Support Files/Pods-alt/Pods-alt.release.xcconfig"; sourceTree = "<group>"; };
		F29DC319C699967C9426D538 /* Pods-altTests.debug.xcconfig */ = {isa = PBXFileReference; includeInIndex = 1; lastKnownFileType = text.xcconfig; name = "Pods-altTests.debug.xcconfig"; path = "Pods/Target Support Files/Pods-altTests/Pods-altTests.debug.xcconfig"; sourceTree = "<group>"; };
/* End PBXFileReference section */

/* Begin PBXFrameworksBuildPhase section */
		C1D9D89D1F1B016400FBE298 /* Frameworks */ = {
			isa = PBXFrameworksBuildPhase;
			buildActionMask = 2147483647;
			files = (
				98D8E632B3AFA2DB69E57FFF /* Pods_alt.framework in Frameworks */,
			);
			runOnlyForDeploymentPostprocessing = 0;
		};
		C1D9D8B31F1B016500FBE298 /* Frameworks */ = {
			isa = PBXFrameworksBuildPhase;
			buildActionMask = 2147483647;
			files = (
				35A8FCD5B7542B0B9F8020F3 /* Pods_altTests.framework in Frameworks */,
			);
			runOnlyForDeploymentPostprocessing = 0;
		};
		C1D9D8BE1F1B016500FBE298 /* Frameworks */ = {
			isa = PBXFrameworksBuildPhase;
			buildActionMask = 2147483647;
			files = (
				703882007D9731A5794F5E47 /* Pods_altUITests.framework in Frameworks */,
			);
			runOnlyForDeploymentPostprocessing = 0;
		};
/* End PBXFrameworksBuildPhase section */

/* Begin PBXGroup section */
		63861B2B50D770D8705358E9 /* Pods */ = {
			isa = PBXGroup;
			children = (
				01C351522B8AA889C2FBC340 /* Pods-alt.debug.xcconfig */,
				ED2B791A293D995C957BF863 /* Pods-alt.release.xcconfig */,
				F29DC319C699967C9426D538 /* Pods-altTests.debug.xcconfig */,
				7323919BB78FB72A04F18642 /* Pods-altTests.release.xcconfig */,
				9E91396E4BFE6833F7B17992 /* Pods-altUITests.debug.xcconfig */,
				E7F2372B74D8786B17055A6B /* Pods-altUITests.release.xcconfig */,
			);
			name = Pods;
			sourceTree = "<group>";
		};
		879920C94BB7E1A2E64C9EEB /* Frameworks */ = {
			isa = PBXGroup;
			children = (
				1974AD05CB05EE7219F31E9F /* Pods_alt.framework */,
				39644B0489CD74023164E9B7 /* Pods_altTests.framework */,
				279D56D1FB5811E43EC36C7D /* Pods_altUITests.framework */,
			);
			name = Frameworks;
			sourceTree = "<group>";
		};
		C11F36E61F32C28B009503B6 /* Models */ = {
			isa = PBXGroup;
			children = (
				C144E5961F612DB200C6C86F /* Question.swift */,
				C11F36E81F32C384009503B6 /* RealmLectures.swift */,
				C14713211F8603D6001C5A7F /* Lecture.swift */,
			);
			name = Models;
			sourceTree = "<group>";
		};
		C11F36E71F32C2BE009503B6 /* Utils */ = {
			isa = PBXGroup;
			children = (
				C178C4BF1F1B70A10089BAFF /* UIColor+colorFromRGB.swift */,
				C117DE691F20DB0D00E3BCB7 /* UIView+addCardShadow.swift */,
				C117DE6B1F20EB2E00E3BCB7 /* UIView+addBorderBottom.swift */,
				C1F7E1811F27276B0069D32C /* GetWeatherData.swift */,
				C15EFF6B1F29DAEC0029593E /* UIView+setGradientLayer.swift */,
				C13742F51F3706220029208E /* UIView+makeOptionsButton().swift */,
				C17E96271F39B4C9000C8DFF /* TabOptionDeligateProtocol.swift */,
			);
			name = Utils;
			sourceTree = "<group>";
		};
		C13F6B8D1F39CDB800B9B17B /* home */ = {
			isa = PBXGroup;
			children = (
				C1D9D8D51F1B053400FBE298 /* LectureCardTableViewCell.swift */,
				C1D9D8D61F1B053400FBE298 /* LectureCardTableViewCell.xib */,
				C1CE9A6F1F1E536600B9EE0D /* TextCardTableViewCell.swift */,
				C1CE9A701F1E536600B9EE0D /* TextCardTableViewCell.xib */,
				C1C4F7151F272227005A4E71 /* WeatherCardTableViewCell.swift */,
				C1C4F7161F272227005A4E71 /* WeatherCardTableViewCell.xib */,
			);
			name = home;
			sourceTree = "<group>";
		};
		C13F6B8E1F39CDC400B9B17B /* voice */ = {
			isa = PBXGroup;
			children = (
				C17213CC1F355A6400AB786A /* QuestionWithAnswerCardTableViewCell.swift */,
				C17213CD1F355A6400AB786A /* QuestionWithAnswerCardTableViewCell.xib */,
				C17213D01F36C43400AB786A /* QuestionCardTableViewCell.swift */,
				C17213D11F36C43400AB786A /* QuestionCardTableViewCell.xib */,
				C126B47F1F4B25D70080ADF6 /* AnswerCardTableViewCell.swift */,
				C126B4801F4B25D70080ADF6 /* AnswerCardTableViewCell.xib */,
				C11F519E1F4D62E5005D70E3 /* TwoOptionCardTableViewCell.swift */,
				C11F519F1F4D62E5005D70E3 /* TwoOptionCardTableViewCell.xib */,
				C174511D1F556E4100C0B0B6 /* ThreeOptionCardTableViewCell.swift */,
				C174511E1F556E4100C0B0B6 /* ThreeOptionCardTableViewCell.xib */,
				C17451211F5573CA00C0B0B6 /* FourOptionCardTableViewCell.swift */,
				C17451221F5573CA00C0B0B6 /* FourOptionCardTableViewCell.xib */,
			);
			name = voice;
			sourceTree = "<group>";
		};
		C1C4F7131F272194005A4E71 /* Controllers */ = {
			isa = PBXGroup;
			children = (
				C1C4F7111F271E08005A4E71 /* AltTabBarController.swift */,
				C1D9D8A51F1B016400FBE298 /* FirstViewController.swift */,
				C1D9D8A71F1B016400FBE298 /* SecondViewController.swift */,
				C1CEB2FD1F4189930020FC78 /* NewQuestionViewController.swift */,
				C1EDA0711F52928400748316 /* NewSurveyViewController.swift */,
				C1AA89781F49E3A20093FF52 /* QuestionDetailViewController.swift */,
				C19CE5CB1F8B367800FE9094 /* StartTourNavigationController.swift */,
				C19CE5C91F8B1FCF00FE9094 /* DepartmentSettingViewController.swift */,
				C19D21ED1F6503C2000E7ECC /* GradeSettingViewController.swift */,
				C117468E1F28F33F00FCBBDA /* LectureSettingViewContoroller.swift */,
				C196F6EF1F3341480079929B /* LectureSelectingViewController.swift */,
			);
			name = Controllers;
			sourceTree = "<group>";
		};
		C1C4F7141F2721B3005A4E71 /* Views */ = {
			isa = PBXGroup;
			children = (
				C13F6B8D1F39CDB800B9B17B /* home */,
				C13F6B8E1F39CDC400B9B17B /* voice */,
				C11746901F28F47200FCBBDA /* LectureSettingTableViewCell.swift */,
				C11746911F28F47200FCBBDA /* LectureSettingTableViewCell.xib */,
			);
			name = Views;
			sourceTree = "<group>";
		};
		C1D9D8971F1B016400FBE298 = {
			isa = PBXGroup;
			children = (
				C1D9D8A21F1B016400FBE298 /* alt */,
				C1D9D8B91F1B016500FBE298 /* altTests */,
				C1D9D8C41F1B016500FBE298 /* altUITests */,
				C1D9D8A11F1B016400FBE298 /* Products */,
				63861B2B50D770D8705358E9 /* Pods */,
				879920C94BB7E1A2E64C9EEB /* Frameworks */,
			);
			sourceTree = "<group>";
		};
		C1D9D8A11F1B016400FBE298 /* Products */ = {
			isa = PBXGroup;
			children = (
				C1D9D8A01F1B016400FBE298 /* alt.app */,
				C1D9D8B61F1B016500FBE298 /* altTests.xctest */,
				C1D9D8C11F1B016500FBE298 /* altUITests.xctest */,
			);
			name = Products;
			sourceTree = "<group>";
		};
		C1D9D8A21F1B016400FBE298 /* alt */ = {
			isa = PBXGroup;
			children = (
				C1D9D8D31F1B01CD00FBE298 /* Classes */,
				C1D9D8D41F1B01EF00FBE298 /* Resources */,
			);
			path = alt;
			sourceTree = "<group>";
		};
		C1D9D8B91F1B016500FBE298 /* altTests */ = {
			isa = PBXGroup;
			children = (
				C1D9D8BA1F1B016500FBE298 /* altTests.swift */,
				C1D9D8BC1F1B016500FBE298 /* Info.plist */,
			);
			path = altTests;
			sourceTree = "<group>";
		};
		C1D9D8C41F1B016500FBE298 /* altUITests */ = {
			isa = PBXGroup;
			children = (
				C1D9D8C51F1B016500FBE298 /* altUITests.swift */,
				C1D9D8C71F1B016500FBE298 /* Info.plist */,
			);
			path = altUITests;
			sourceTree = "<group>";
		};
		C1D9D8D31F1B01CD00FBE298 /* Classes */ = {
			isa = PBXGroup;
			children = (
				C1D9D8A91F1B016400FBE298 /* Main.storyboard */,
				C1D9D8AE1F1B016400FBE298 /* LaunchScreen.storyboard */,
				C1D9D8A31F1B016400FBE298 /* AppDelegate.swift */,
				C1C4F7131F272194005A4E71 /* Controllers */,
				C1C4F7141F2721B3005A4E71 /* Views */,
				C11F36E71F32C2BE009503B6 /* Utils */,
				C11F36E61F32C28B009503B6 /* Models */,
			);
			name = Classes;
			sourceTree = "<group>";
		};
		C1D9D8D41F1B01EF00FBE298 /* Resources */ = {
			isa = PBXGroup;
			children = (
				C196F6E91F33105D0079929B /* home_icon_50px_50_@2x.png */,
				C196F6EA1F33105D0079929B /* home_icon_50px_100_@2x.png */,
				C196F6E71F330ECA0079929B /* voice_icon_50px_50@2x.png */,
				C196F6E21F330BB80079929B /* voice_icon_50px_100@2x.png */,
				C1F7E1831F2736670069D32C /* altoLogo2AppIcon.jpg */,
				C1D9D8AC1F1B016400FBE298 /* Assets.xcassets */,
				C1D9D8B11F1B016400FBE298 /* Info.plist */,
			);
			name = Resources;
			sourceTree = "<group>";
		};
/* End PBXGroup section */

/* Begin PBXNativeTarget section */
		C1D9D89F1F1B016400FBE298 /* alt */ = {
			isa = PBXNativeTarget;
			buildConfigurationList = C1D9D8CA1F1B016500FBE298 /* Build configuration list for PBXNativeTarget "alt" */;
			buildPhases = (
				86DD423817BFC6D09145D8B7 /* [CP] Check Pods Manifest.lock */,
				C1D9D89C1F1B016400FBE298 /* Sources */,
				C1D9D89D1F1B016400FBE298 /* Frameworks */,
				C1D9D89E1F1B016400FBE298 /* Resources */,
				1362A4ADF7E0DA0DA20BE481 /* [CP] Embed Pods Frameworks */,
				5AB2AD909A5569E02C644244 /* [CP] Copy Pods Resources */,
			);
			buildRules = (
			);
			dependencies = (
			);
			name = alt;
			productName = alt;
			productReference = C1D9D8A01F1B016400FBE298 /* alt.app */;
			productType = "com.apple.product-type.application";
		};
		C1D9D8B51F1B016500FBE298 /* altTests */ = {
			isa = PBXNativeTarget;
			buildConfigurationList = C1D9D8CD1F1B016500FBE298 /* Build configuration list for PBXNativeTarget "altTests" */;
			buildPhases = (
				7EDF976E398DF3BA53A1D9BB /* [CP] Check Pods Manifest.lock */,
				C1D9D8B21F1B016500FBE298 /* Sources */,
				C1D9D8B31F1B016500FBE298 /* Frameworks */,
				C1D9D8B41F1B016500FBE298 /* Resources */,
				D657F0F689B032EBA2AA3D49 /* [CP] Embed Pods Frameworks */,
				58EC5A04266A54F3650F0A87 /* [CP] Copy Pods Resources */,
			);
			buildRules = (
			);
			dependencies = (
				C1D9D8B81F1B016500FBE298 /* PBXTargetDependency */,
			);
			name = altTests;
			productName = altTests;
			productReference = C1D9D8B61F1B016500FBE298 /* altTests.xctest */;
			productType = "com.apple.product-type.bundle.unit-test";
		};
		C1D9D8C01F1B016500FBE298 /* altUITests */ = {
			isa = PBXNativeTarget;
			buildConfigurationList = C1D9D8D01F1B016500FBE298 /* Build configuration list for PBXNativeTarget "altUITests" */;
			buildPhases = (
				43C6F14BA8194D2E1D60FBFB /* [CP] Check Pods Manifest.lock */,
				C1D9D8BD1F1B016500FBE298 /* Sources */,
				C1D9D8BE1F1B016500FBE298 /* Frameworks */,
				C1D9D8BF1F1B016500FBE298 /* Resources */,
				8DA77707AA4F01308130948F /* [CP] Embed Pods Frameworks */,
				C73CED6581C5CE0861D68F2F /* [CP] Copy Pods Resources */,
			);
			buildRules = (
			);
			dependencies = (
				C1D9D8C31F1B016500FBE298 /* PBXTargetDependency */,
			);
			name = altUITests;
			productName = altUITests;
			productReference = C1D9D8C11F1B016500FBE298 /* altUITests.xctest */;
			productType = "com.apple.product-type.bundle.ui-testing";
		};
/* End PBXNativeTarget section */

/* Begin PBXProject section */
		C1D9D8981F1B016400FBE298 /* Project object */ = {
			isa = PBXProject;
			attributes = {
				KnownAssetTags = (
					1,
					2,
				);
				LastSwiftUpdateCheck = 0830;
				LastUpgradeCheck = 0900;
				ORGANIZATIONNAME = "Kota Okada";
				TargetAttributes = {
					C1D9D89F1F1B016400FBE298 = {
						CreatedOnToolsVersion = 8.3.3;
						ProvisioningStyle = Automatic;
					};
					C1D9D8B51F1B016500FBE298 = {
						CreatedOnToolsVersion = 8.3.3;
						ProvisioningStyle = Automatic;
						TestTargetID = C1D9D89F1F1B016400FBE298;
					};
					C1D9D8C01F1B016500FBE298 = {
						CreatedOnToolsVersion = 8.3.3;
						ProvisioningStyle = Automatic;
						TestTargetID = C1D9D89F1F1B016400FBE298;
					};
				};
			};
			buildConfigurationList = C1D9D89B1F1B016400FBE298 /* Build configuration list for PBXProject "alt" */;
			compatibilityVersion = "Xcode 3.2";
			developmentRegion = English;
			hasScannedForEncodings = 0;
			knownRegions = (
				en,
				Base,
			);
			mainGroup = C1D9D8971F1B016400FBE298;
			productRefGroup = C1D9D8A11F1B016400FBE298 /* Products */;
			projectDirPath = "";
			projectRoot = "";
			targets = (
				C1D9D89F1F1B016400FBE298 /* alt */,
				C1D9D8B51F1B016500FBE298 /* altTests */,
				C1D9D8C01F1B016500FBE298 /* altUITests */,
			);
		};
/* End PBXProject section */

/* Begin PBXResourcesBuildPhase section */
		C1D9D89E1F1B016400FBE298 /* Resources */ = {
			isa = PBXResourcesBuildPhase;
			buildActionMask = 2147483647;
			files = (
				C17451241F5573CA00C0B0B6 /* FourOptionCardTableViewCell.xib in Resources */,
				C1C4F7181F272227005A4E71 /* WeatherCardTableViewCell.xib in Resources */,
				C1D9D8B01F1B016400FBE298 /* LaunchScreen.storyboard in Resources */,
				C17451201F556E4100C0B0B6 /* ThreeOptionCardTableViewCell.xib in Resources */,
				C196F6E41F330BB80079929B /* voice_icon_50px_100@2x.png in Resources */,
				C196F6EC1F33105D0079929B /* home_icon_50px_100_@2x.png in Resources */,
				C196F6EB1F33105D0079929B /* home_icon_50px_50_@2x.png in Resources */,
				C17213D31F36C43400AB786A /* QuestionCardTableViewCell.xib in Resources */,
				C1CE9A721F1E536600B9EE0D /* TextCardTableViewCell.xib in Resources */,
				C1F7E1841F2736670069D32C /* altoLogo2AppIcon.jpg in Resources */,
				C11F51A11F4D62E5005D70E3 /* TwoOptionCardTableViewCell.xib in Resources */,
				C1D9D8AD1F1B016400FBE298 /* Assets.xcassets in Resources */,
				C11746931F28F47200FCBBDA /* LectureSettingTableViewCell.xib in Resources */,
				C17213CF1F355A6400AB786A /* QuestionWithAnswerCardTableViewCell.xib in Resources */,
				C1D9D8D81F1B053400FBE298 /* LectureCardTableViewCell.xib in Resources */,
				C1D9D8AB1F1B016400FBE298 /* Main.storyboard in Resources */,
				C126B4821F4B25D80080ADF6 /* AnswerCardTableViewCell.xib in Resources */,
				C196F6E81F330ECA0079929B /* voice_icon_50px_50@2x.png in Resources */,
			);
			runOnlyForDeploymentPostprocessing = 0;
		};
		C1D9D8B41F1B016500FBE298 /* Resources */ = {
			isa = PBXResourcesBuildPhase;
			buildActionMask = 2147483647;
			files = (
			);
			runOnlyForDeploymentPostprocessing = 0;
		};
		C1D9D8BF1F1B016500FBE298 /* Resources */ = {
			isa = PBXResourcesBuildPhase;
			buildActionMask = 2147483647;
			files = (
			);
			runOnlyForDeploymentPostprocessing = 0;
		};
/* End PBXResourcesBuildPhase section */

/* Begin PBXShellScriptBuildPhase section */
		1362A4ADF7E0DA0DA20BE481 /* [CP] Embed Pods Frameworks */ = {
			isa = PBXShellScriptBuildPhase;
			buildActionMask = 2147483647;
			files = (
			);
			inputPaths = (
			);
			name = "[CP] Embed Pods Frameworks";
			outputPaths = (
			);
			runOnlyForDeploymentPostprocessing = 0;
			shellPath = /bin/sh;
			shellScript = "\"${SRCROOT}/Pods/Target Support Files/Pods-alt/Pods-alt-frameworks.sh\"\n";
			showEnvVarsInLog = 0;
		};
		43C6F14BA8194D2E1D60FBFB /* [CP] Check Pods Manifest.lock */ = {
			isa = PBXShellScriptBuildPhase;
			buildActionMask = 2147483647;
			files = (
			);
			inputPaths = (
			);
			name = "[CP] Check Pods Manifest.lock";
			outputPaths = (
			);
			runOnlyForDeploymentPostprocessing = 0;
			shellPath = /bin/sh;
			shellScript = "diff \"${PODS_PODFILE_DIR_PATH}/Podfile.lock\" \"${PODS_ROOT}/Manifest.lock\" > /dev/null\nif [ $? != 0 ] ; then\n    # print error to STDERR\n    echo \"error: The sandbox is not in sync with the Podfile.lock. Run 'pod install' or update your CocoaPods installation.\" >&2\n    exit 1\nfi\n";
			showEnvVarsInLog = 0;
		};
		58EC5A04266A54F3650F0A87 /* [CP] Copy Pods Resources */ = {
			isa = PBXShellScriptBuildPhase;
			buildActionMask = 2147483647;
			files = (
			);
			inputPaths = (
			);
			name = "[CP] Copy Pods Resources";
			outputPaths = (
			);
			runOnlyForDeploymentPostprocessing = 0;
			shellPath = /bin/sh;
			shellScript = "\"${SRCROOT}/Pods/Target Support Files/Pods-altTests/Pods-altTests-resources.sh\"\n";
			showEnvVarsInLog = 0;
		};
		5AB2AD909A5569E02C644244 /* [CP] Copy Pods Resources */ = {
			isa = PBXShellScriptBuildPhase;
			buildActionMask = 2147483647;
			files = (
			);
			inputPaths = (
			);
			name = "[CP] Copy Pods Resources";
			outputPaths = (
			);
			runOnlyForDeploymentPostprocessing = 0;
			shellPath = /bin/sh;
			shellScript = "\"${SRCROOT}/Pods/Target Support Files/Pods-alt/Pods-alt-resources.sh\"\n";
			showEnvVarsInLog = 0;
		};
		7EDF976E398DF3BA53A1D9BB /* [CP] Check Pods Manifest.lock */ = {
			isa = PBXShellScriptBuildPhase;
			buildActionMask = 2147483647;
			files = (
			);
			inputPaths = (
			);
			name = "[CP] Check Pods Manifest.lock";
			outputPaths = (
			);
			runOnlyForDeploymentPostprocessing = 0;
			shellPath = /bin/sh;
			shellScript = "diff \"${PODS_PODFILE_DIR_PATH}/Podfile.lock\" \"${PODS_ROOT}/Manifest.lock\" > /dev/null\nif [ $? != 0 ] ; then\n    # print error to STDERR\n    echo \"error: The sandbox is not in sync with the Podfile.lock. Run 'pod install' or update your CocoaPods installation.\" >&2\n    exit 1\nfi\n";
			showEnvVarsInLog = 0;
		};
		86DD423817BFC6D09145D8B7 /* [CP] Check Pods Manifest.lock */ = {
			isa = PBXShellScriptBuildPhase;
			buildActionMask = 2147483647;
			files = (
			);
			inputPaths = (
			);
			name = "[CP] Check Pods Manifest.lock";
			outputPaths = (
			);
			runOnlyForDeploymentPostprocessing = 0;
			shellPath = /bin/sh;
			shellScript = "diff \"${PODS_PODFILE_DIR_PATH}/Podfile.lock\" \"${PODS_ROOT}/Manifest.lock\" > /dev/null\nif [ $? != 0 ] ; then\n    # print error to STDERR\n    echo \"error: The sandbox is not in sync with the Podfile.lock. Run 'pod install' or update your CocoaPods installation.\" >&2\n    exit 1\nfi\n";
			showEnvVarsInLog = 0;
		};
		8DA77707AA4F01308130948F /* [CP] Embed Pods Frameworks */ = {
			isa = PBXShellScriptBuildPhase;
			buildActionMask = 2147483647;
			files = (
			);
			inputPaths = (
			);
			name = "[CP] Embed Pods Frameworks";
			outputPaths = (
			);
			runOnlyForDeploymentPostprocessing = 0;
			shellPath = /bin/sh;
			shellScript = "\"${SRCROOT}/Pods/Target Support Files/Pods-altUITests/Pods-altUITests-frameworks.sh\"\n";
			showEnvVarsInLog = 0;
		};
		C73CED6581C5CE0861D68F2F /* [CP] Copy Pods Resources */ = {
			isa = PBXShellScriptBuildPhase;
			buildActionMask = 2147483647;
			files = (
			);
			inputPaths = (
			);
			name = "[CP] Copy Pods Resources";
			outputPaths = (
			);
			runOnlyForDeploymentPostprocessing = 0;
			shellPath = /bin/sh;
			shellScript = "\"${SRCROOT}/Pods/Target Support Files/Pods-altUITests/Pods-altUITests-resources.sh\"\n";
			showEnvVarsInLog = 0;
		};
		D657F0F689B032EBA2AA3D49 /* [CP] Embed Pods Frameworks */ = {
			isa = PBXShellScriptBuildPhase;
			buildActionMask = 2147483647;
			files = (
			);
			inputPaths = (
			);
			name = "[CP] Embed Pods Frameworks";
			outputPaths = (
			);
			runOnlyForDeploymentPostprocessing = 0;
			shellPath = /bin/sh;
			shellScript = "\"${SRCROOT}/Pods/Target Support Files/Pods-altTests/Pods-altTests-frameworks.sh\"\n";
			showEnvVarsInLog = 0;
		};
/* End PBXShellScriptBuildPhase section */

/* Begin PBXSourcesBuildPhase section */
		C1D9D89C1F1B016400FBE298 /* Sources */ = {
			isa = PBXSourcesBuildPhase;
			buildActionMask = 2147483647;
			files = (
				C196F6F01F3341480079929B /* LectureSelectingViewController.swift in Sources */,
				C174511F1F556E4100C0B0B6 /* ThreeOptionCardTableViewCell.swift in Sources */,
				C1CEB2FE1F4189930020FC78 /* NewQuestionViewController.swift in Sources */,
				C19D21EE1F6503C2000E7ECC /* GradeSettingViewController.swift in Sources */,
				C1D9D8A81F1B016400FBE298 /* SecondViewController.swift in Sources */,
				C1AA89791F49E3A20093FF52 /* QuestionDetailViewController.swift in Sources */,
				C144E5971F612DB200C6C86F /* Question.swift in Sources */,
				C17213CE1F355A6400AB786A /* QuestionWithAnswerCardTableViewCell.swift in Sources */,
				C1F7E1821F27276B0069D32C /* GetWeatherData.swift in Sources */,
				C117468F1F28F33F00FCBBDA /* LectureSettingViewContoroller.swift in Sources */,
				C1D9D8A41F1B016400FBE298 /* AppDelegate.swift in Sources */,
				C1EDA0721F52928400748316 /* NewSurveyViewController.swift in Sources */,
				C1D9D8D71F1B053400FBE298 /* LectureCardTableViewCell.swift in Sources */,
				C126B4811F4B25D70080ADF6 /* AnswerCardTableViewCell.swift in Sources */,
				C17451231F5573CA00C0B0B6 /* FourOptionCardTableViewCell.swift in Sources */,
				C15EFF6C1F29DAEC0029593E /* UIView+setGradientLayer.swift in Sources */,
				C1CE9A711F1E536600B9EE0D /* TextCardTableViewCell.swift in Sources */,
				C117DE6A1F20DB0D00E3BCB7 /* UIView+addCardShadow.swift in Sources */,
				C178C4C01F1B70A10089BAFF /* UIColor+colorFromRGB.swift in Sources */,
				C11F36E91F32C384009503B6 /* RealmLectures.swift in Sources */,
				C1C4F7171F272227005A4E71 /* WeatherCardTableViewCell.swift in Sources */,
				C11746921F28F47200FCBBDA /* LectureSettingTableViewCell.swift in Sources */,
				C19CE5CA1F8B1FCF00FE9094 /* DepartmentSettingViewController.swift in Sources */,
				C1D9D8A61F1B016400FBE298 /* FirstViewController.swift in Sources */,
				C13742F61F3706220029208E /* UIView+makeOptionsButton().swift in Sources */,
				C14713221F8603D6001C5A7F /* Lecture.swift in Sources */,
				C19CE5CC1F8B367800FE9094 /* StartTourNavigationController.swift in Sources */,
				C17213D21F36C43400AB786A /* QuestionCardTableViewCell.swift in Sources */,
				C11F51A01F4D62E5005D70E3 /* TwoOptionCardTableViewCell.swift in Sources */,
				C1C4F7121F271E08005A4E71 /* AltTabBarController.swift in Sources */,
				C117DE6C1F20EB2E00E3BCB7 /* UIView+addBorderBottom.swift in Sources */,
				C17E96281F39B4C9000C8DFF /* TabOptionDeligateProtocol.swift in Sources */,
			);
			runOnlyForDeploymentPostprocessing = 0;
		};
		C1D9D8B21F1B016500FBE298 /* Sources */ = {
			isa = PBXSourcesBuildPhase;
			buildActionMask = 2147483647;
			files = (
				C1D9D8BB1F1B016500FBE298 /* altTests.swift in Sources */,
			);
			runOnlyForDeploymentPostprocessing = 0;
		};
		C1D9D8BD1F1B016500FBE298 /* Sources */ = {
			isa = PBXSourcesBuildPhase;
			buildActionMask = 2147483647;
			files = (
				C1D9D8C61F1B016500FBE298 /* altUITests.swift in Sources */,
			);
			runOnlyForDeploymentPostprocessing = 0;
		};
/* End PBXSourcesBuildPhase section */

/* Begin PBXTargetDependency section */
		C1D9D8B81F1B016500FBE298 /* PBXTargetDependency */ = {
			isa = PBXTargetDependency;
			target = C1D9D89F1F1B016400FBE298 /* alt */;
			targetProxy = C1D9D8B71F1B016500FBE298 /* PBXContainerItemProxy */;
		};
		C1D9D8C31F1B016500FBE298 /* PBXTargetDependency */ = {
			isa = PBXTargetDependency;
			target = C1D9D89F1F1B016400FBE298 /* alt */;
			targetProxy = C1D9D8C21F1B016500FBE298 /* PBXContainerItemProxy */;
		};
/* End PBXTargetDependency section */

/* Begin PBXVariantGroup section */
		C1D9D8A91F1B016400FBE298 /* Main.storyboard */ = {
			isa = PBXVariantGroup;
			children = (
				C1D9D8AA1F1B016400FBE298 /* Base */,
			);
			name = Main.storyboard;
			sourceTree = "<group>";
		};
		C1D9D8AE1F1B016400FBE298 /* LaunchScreen.storyboard */ = {
			isa = PBXVariantGroup;
			children = (
				C1D9D8AF1F1B016400FBE298 /* Base */,
			);
			name = LaunchScreen.storyboard;
			sourceTree = "<group>";
		};
/* End PBXVariantGroup section */

/* Begin XCBuildConfiguration section */
		C1D9D8C81F1B016500FBE298 /* Debug */ = {
			isa = XCBuildConfiguration;
			buildSettings = {
				ALWAYS_SEARCH_USER_PATHS = NO;
				CLANG_ANALYZER_NONNULL = YES;
				CLANG_ANALYZER_NUMBER_OBJECT_CONVERSION = YES_AGGRESSIVE;
				CLANG_CXX_LANGUAGE_STANDARD = "gnu++0x";
				CLANG_CXX_LIBRARY = "libc++";
				CLANG_ENABLE_MODULES = YES;
				CLANG_ENABLE_OBJC_ARC = YES;
				CLANG_WARN_BLOCK_CAPTURE_AUTORELEASING = YES;
				CLANG_WARN_BOOL_CONVERSION = YES;
				CLANG_WARN_COMMA = YES;
				CLANG_WARN_CONSTANT_CONVERSION = YES;
				CLANG_WARN_DIRECT_OBJC_ISA_USAGE = YES_ERROR;
				CLANG_WARN_DOCUMENTATION_COMMENTS = YES;
				CLANG_WARN_EMPTY_BODY = YES;
				CLANG_WARN_ENUM_CONVERSION = YES;
				CLANG_WARN_INFINITE_RECURSION = YES;
				CLANG_WARN_INT_CONVERSION = YES;
				CLANG_WARN_NON_LITERAL_NULL_CONVERSION = YES;
				CLANG_WARN_OBJC_LITERAL_CONVERSION = YES;
				CLANG_WARN_OBJC_ROOT_CLASS = YES_ERROR;
				CLANG_WARN_RANGE_LOOP_ANALYSIS = YES;
				CLANG_WARN_STRICT_PROTOTYPES = YES;
				CLANG_WARN_SUSPICIOUS_MOVE = YES;
				CLANG_WARN_UNREACHABLE_CODE = YES;
				CLANG_WARN__DUPLICATE_METHOD_MATCH = YES;
				"CODE_SIGN_IDENTITY[sdk=iphoneos*]" = "iPhone Developer";
				COPY_PHASE_STRIP = NO;
				DEBUG_INFORMATION_FORMAT = dwarf;
				ENABLE_STRICT_OBJC_MSGSEND = YES;
				ENABLE_TESTABILITY = YES;
				GCC_C_LANGUAGE_STANDARD = gnu99;
				GCC_DYNAMIC_NO_PIC = NO;
				GCC_NO_COMMON_BLOCKS = YES;
				GCC_OPTIMIZATION_LEVEL = 0;
				GCC_PREPROCESSOR_DEFINITIONS = (
					"DEBUG=1",
					"$(inherited)",
				);
				GCC_WARN_64_TO_32_BIT_CONVERSION = YES;
				GCC_WARN_ABOUT_RETURN_TYPE = YES_ERROR;
				GCC_WARN_UNDECLARED_SELECTOR = YES;
				GCC_WARN_UNINITIALIZED_AUTOS = YES_AGGRESSIVE;
				GCC_WARN_UNUSED_FUNCTION = YES;
				GCC_WARN_UNUSED_VARIABLE = YES;
				IPHONEOS_DEPLOYMENT_TARGET = 10.3;
				MTL_ENABLE_DEBUG_INFO = YES;
				ONLY_ACTIVE_ARCH = YES;
				SDKROOT = iphoneos;
				SWIFT_ACTIVE_COMPILATION_CONDITIONS = DEBUG;
				SWIFT_OPTIMIZATION_LEVEL = "-Onone";
			};
			name = Debug;
		};
		C1D9D8C91F1B016500FBE298 /* Release */ = {
			isa = XCBuildConfiguration;
			buildSettings = {
				ALWAYS_SEARCH_USER_PATHS = NO;
				CLANG_ANALYZER_NONNULL = YES;
				CLANG_ANALYZER_NUMBER_OBJECT_CONVERSION = YES_AGGRESSIVE;
				CLANG_CXX_LANGUAGE_STANDARD = "gnu++0x";
				CLANG_CXX_LIBRARY = "libc++";
				CLANG_ENABLE_MODULES = YES;
				CLANG_ENABLE_OBJC_ARC = YES;
				CLANG_WARN_BLOCK_CAPTURE_AUTORELEASING = YES;
				CLANG_WARN_BOOL_CONVERSION = YES;
				CLANG_WARN_COMMA = YES;
				CLANG_WARN_CONSTANT_CONVERSION = YES;
				CLANG_WARN_DIRECT_OBJC_ISA_USAGE = YES_ERROR;
				CLANG_WARN_DOCUMENTATION_COMMENTS = YES;
				CLANG_WARN_EMPTY_BODY = YES;
				CLANG_WARN_ENUM_CONVERSION = YES;
				CLANG_WARN_INFINITE_RECURSION = YES;
				CLANG_WARN_INT_CONVERSION = YES;
				CLANG_WARN_NON_LITERAL_NULL_CONVERSION = YES;
				CLANG_WARN_OBJC_LITERAL_CONVERSION = YES;
				CLANG_WARN_OBJC_ROOT_CLASS = YES_ERROR;
				CLANG_WARN_RANGE_LOOP_ANALYSIS = YES;
				CLANG_WARN_STRICT_PROTOTYPES = YES;
				CLANG_WARN_SUSPICIOUS_MOVE = YES;
				CLANG_WARN_UNREACHABLE_CODE = YES;
				CLANG_WARN__DUPLICATE_METHOD_MATCH = YES;
				"CODE_SIGN_IDENTITY[sdk=iphoneos*]" = "iPhone Developer";
				COPY_PHASE_STRIP = NO;
				DEBUG_INFORMATION_FORMAT = "dwarf-with-dsym";
				ENABLE_NS_ASSERTIONS = NO;
				ENABLE_STRICT_OBJC_MSGSEND = YES;
				GCC_C_LANGUAGE_STANDARD = gnu99;
				GCC_NO_COMMON_BLOCKS = YES;
				GCC_WARN_64_TO_32_BIT_CONVERSION = YES;
				GCC_WARN_ABOUT_RETURN_TYPE = YES_ERROR;
				GCC_WARN_UNDECLARED_SELECTOR = YES;
				GCC_WARN_UNINITIALIZED_AUTOS = YES_AGGRESSIVE;
				GCC_WARN_UNUSED_FUNCTION = YES;
				GCC_WARN_UNUSED_VARIABLE = YES;
				IPHONEOS_DEPLOYMENT_TARGET = 10.3;
				MTL_ENABLE_DEBUG_INFO = NO;
				SDKROOT = iphoneos;
				SWIFT_OPTIMIZATION_LEVEL = "-Owholemodule";
				VALIDATE_PRODUCT = YES;
			};
			name = Release;
		};
		C1D9D8CB1F1B016500FBE298 /* Debug */ = {
			isa = XCBuildConfiguration;
			baseConfigurationReference = 01C351522B8AA889C2FBC340 /* Pods-alt.debug.xcconfig */;
			buildSettings = {
				ASSETCATALOG_COMPILER_APPICON_NAME = AppIcon;
				INFOPLIST_FILE = alt/Info.plist;
				LD_RUNPATH_SEARCH_PATHS = "$(inherited) @executable_path/Frameworks";
				PRODUCT_BUNDLE_IDENTIFIER = "tech.project-alt.alt";
				PRODUCT_NAME = "$(TARGET_NAME)";
				SWIFT_VERSION = 3.0;
			};
			name = Debug;
		};
		C1D9D8CC1F1B016500FBE298 /* Release */ = {
			isa = XCBuildConfiguration;
			baseConfigurationReference = ED2B791A293D995C957BF863 /* Pods-alt.release.xcconfig */;
			buildSettings = {
				ASSETCATALOG_COMPILER_APPICON_NAME = AppIcon;
				INFOPLIST_FILE = alt/Info.plist;
				LD_RUNPATH_SEARCH_PATHS = "$(inherited) @executable_path/Frameworks";
				PRODUCT_BUNDLE_IDENTIFIER = "tech.project-alt.alt";
				PRODUCT_NAME = "$(TARGET_NAME)";
				SWIFT_VERSION = 3.0;
			};
			name = Release;
		};
		C1D9D8CE1F1B016500FBE298 /* Debug */ = {
			isa = XCBuildConfiguration;
			baseConfigurationReference = F29DC319C699967C9426D538 /* Pods-altTests.debug.xcconfig */;
			buildSettings = {
				ALWAYS_EMBED_SWIFT_STANDARD_LIBRARIES = YES;
				BUNDLE_LOADER = "$(TEST_HOST)";
				INFOPLIST_FILE = altTests/Info.plist;
				LD_RUNPATH_SEARCH_PATHS = "$(inherited) @executable_path/Frameworks @loader_path/Frameworks";
				PRODUCT_BUNDLE_IDENTIFIER = "tech.project-alt.altTests";
				PRODUCT_NAME = "$(TARGET_NAME)";
				SWIFT_VERSION = 3.0;
				TEST_HOST = "$(BUILT_PRODUCTS_DIR)/alt.app/alt";
			};
			name = Debug;
		};
		C1D9D8CF1F1B016500FBE298 /* Release */ = {
			isa = XCBuildConfiguration;
			baseConfigurationReference = 7323919BB78FB72A04F18642 /* Pods-altTests.release.xcconfig */;
			buildSettings = {
				ALWAYS_EMBED_SWIFT_STANDARD_LIBRARIES = YES;
				BUNDLE_LOADER = "$(TEST_HOST)";
				INFOPLIST_FILE = altTests/Info.plist;
				LD_RUNPATH_SEARCH_PATHS = "$(inherited) @executable_path/Frameworks @loader_path/Frameworks";
				PRODUCT_BUNDLE_IDENTIFIER = "tech.project-alt.altTests";
				PRODUCT_NAME = "$(TARGET_NAME)";
				SWIFT_VERSION = 3.0;
				TEST_HOST = "$(BUILT_PRODUCTS_DIR)/alt.app/alt";
			};
			name = Release;
		};
		C1D9D8D11F1B016500FBE298 /* Debug */ = {
			isa = XCBuildConfiguration;
			baseConfigurationReference = 9E91396E4BFE6833F7B17992 /* Pods-altUITests.debug.xcconfig */;
			buildSettings = {
				ALWAYS_EMBED_SWIFT_STANDARD_LIBRARIES = YES;
				INFOPLIST_FILE = altUITests/Info.plist;
				LD_RUNPATH_SEARCH_PATHS = "$(inherited) @executable_path/Frameworks @loader_path/Frameworks";
				PRODUCT_BUNDLE_IDENTIFIER = "tech.project-alt.altUITests";
				PRODUCT_NAME = "$(TARGET_NAME)";
				SWIFT_VERSION = 3.0;
				TEST_TARGET_NAME = alt;
			};
			name = Debug;
		};
		C1D9D8D21F1B016500FBE298 /* Release */ = {
			isa = XCBuildConfiguration;
			baseConfigurationReference = E7F2372B74D8786B17055A6B /* Pods-altUITests.release.xcconfig */;
			buildSettings = {
				ALWAYS_EMBED_SWIFT_STANDARD_LIBRARIES = YES;
				INFOPLIST_FILE = altUITests/Info.plist;
				LD_RUNPATH_SEARCH_PATHS = "$(inherited) @executable_path/Frameworks @loader_path/Frameworks";
				PRODUCT_BUNDLE_IDENTIFIER = "tech.project-alt.altUITests";
				PRODUCT_NAME = "$(TARGET_NAME)";
				SWIFT_VERSION = 3.0;
				TEST_TARGET_NAME = alt;
			};
			name = Release;
		};
/* End XCBuildConfiguration section */

/* Begin XCConfigurationList section */
		C1D9D89B1F1B016400FBE298 /* Build configuration list for PBXProject "alt" */ = {
			isa = XCConfigurationList;
			buildConfigurations = (
				C1D9D8C81F1B016500FBE298 /* Debug */,
				C1D9D8C91F1B016500FBE298 /* Release */,
			);
			defaultConfigurationIsVisible = 0;
			defaultConfigurationName = Release;
		};
		C1D9D8CA1F1B016500FBE298 /* Build configuration list for PBXNativeTarget "alt" */ = {
			isa = XCConfigurationList;
			buildConfigurations = (
				C1D9D8CB1F1B016500FBE298 /* Debug */,
				C1D9D8CC1F1B016500FBE298 /* Release */,
			);
			defaultConfigurationIsVisible = 0;
			defaultConfigurationName = Release;
		};
		C1D9D8CD1F1B016500FBE298 /* Build configuration list for PBXNativeTarget "altTests" */ = {
			isa = XCConfigurationList;
			buildConfigurations = (
				C1D9D8CE1F1B016500FBE298 /* Debug */,
				C1D9D8CF1F1B016500FBE298 /* Release */,
			);
			defaultConfigurationIsVisible = 0;
			defaultConfigurationName = Release;
		};
		C1D9D8D01F1B016500FBE298 /* Build configuration list for PBXNativeTarget "altUITests" */ = {
			isa = XCConfigurationList;
			buildConfigurations = (
				C1D9D8D11F1B016500FBE298 /* Debug */,
				C1D9D8D21F1B016500FBE298 /* Release */,
			);
			defaultConfigurationIsVisible = 0;
			defaultConfigurationName = Release;
		};
/* End XCConfigurationList section */
	};
	rootObject = C1D9D8981F1B016400FBE298 /* Project object */;
}
