// !$*UTF8*$!
{
	archiveVersion = 1;
	classes = {
	};
	objectVersion = 46;
	objects = {

/* Begin PBXBuildFile section */
		C1D9D8A41F1B016400FBE298 /* AppDelegate.swift in Sources */ = {isa = PBXBuildFile; fileRef = C1D9D8A31F1B016400FBE298 /* AppDelegate.swift */; };
		C1D9D8A61F1B016400FBE298 /* FirstViewController.swift in Sources */ = {isa = PBXBuildFile; fileRef = C1D9D8A51F1B016400FBE298 /* FirstViewController.swift */; };
		C1D9D8A81F1B016400FBE298 /* SecondViewController.swift in Sources */ = {isa = PBXBuildFile; fileRef = C1D9D8A71F1B016400FBE298 /* SecondViewController.swift */; };
		C1D9D8AB1F1B016400FBE298 /* Main.storyboard in Resources */ = {isa = PBXBuildFile; fileRef = C1D9D8A91F1B016400FBE298 /* Main.storyboard */; };
		C1D9D8AD1F1B016400FBE298 /* Assets.xcassets in Resources */ = {isa = PBXBuildFile; fileRef = C1D9D8AC1F1B016400FBE298 /* Assets.xcassets */; };
		C1D9D8B01F1B016400FBE298 /* LaunchScreen.storyboard in Resources */ = {isa = PBXBuildFile; fileRef = C1D9D8AE1F1B016400FBE298 /* LaunchScreen.storyboard */; };
		C1D9D8BB1F1B016500FBE298 /* altTests.swift in Sources */ = {isa = PBXBuildFile; fileRef = C1D9D8BA1F1B016500FBE298 /* altTests.swift */; };
		C1D9D8C61F1B016500FBE298 /* altUITests.swift in Sources */ = {isa = PBXBuildFile; fileRef = C1D9D8C51F1B016500FBE298 /* altUITests.swift */; };
/* End PBXBuildFile section */

/* Begin PBXContainerItemProxy section */
		C1D9D8B71F1B016500FBE298 /* PBXContainerItemProxy */ = {
			isa = PBXContainerItemProxy;
			containerPortal = C1D9D8981F1B016400FBE298 /* Project object */;
			proxyType = 1;
			remoteGlobalIDString = C1D9D89F1F1B016400FBE298;
			remoteInfo = alt;
		};
		C1D9D8C21F1B016500FBE298 /* PBXContainerItemProxy */ = {
			isa = PBXContainerItemProxy;
			containerPortal = C1D9D8981F1B016400FBE298 /* Project object */;
			proxyType = 1;
			remoteGlobalIDString = C1D9D89F1F1B016400FBE298;
			remoteInfo = alt;
		};
/* End PBXContainerItemProxy section */

/* Begin PBXFileReference section */
		C1D9D8A01F1B016400FBE298 /* alt.app */ = {isa = PBXFileReference; explicitFileType = wrapper.application; includeInIndex = 0; path = alt.app; sourceTree = BUILT_PRODUCTS_DIR; };
		C1D9D8A31F1B016400FBE298 /* AppDelegate.swift */ = {isa = PBXFileReference; lastKnownFileType = sourcecode.swift; path = AppDelegate.swift; sourceTree = "<group>"; };
		C1D9D8A51F1B016400FBE298 /* FirstViewController.swift */ = {isa = PBXFileReference; lastKnownFileType = sourcecode.swift; path = FirstViewController.swift; sourceTree = "<group>"; };
		C1D9D8A71F1B016400FBE298 /* SecondViewController.swift */ = {isa = PBXFileReference; lastKnownFileType = sourcecode.swift; path = SecondViewController.swift; sourceTree = "<group>"; };
		C1D9D8AA1F1B016400FBE298 /* Base */ = {isa = PBXFileReference; lastKnownFileType = file.storyboard; name = Base; path = Base.lproj/Main.storyboard; sourceTree = "<group>"; };
		C1D9D8AC1F1B016400FBE298 /* Assets.xcassets */ = {isa = PBXFileReference; lastKnownFileType = folder.assetcatalog; path = Assets.xcassets; sourceTree = "<group>"; };
		C1D9D8AF1F1B016400FBE298 /* Base */ = {isa = PBXFileReference; lastKnownFileType = file.storyboard; name = Base; path = Base.lproj/LaunchScreen.storyboard; sourceTree = "<group>"; };
		C1D9D8B11F1B016400FBE298 /* Info.plist */ = {isa = PBXFileReference; lastKnownFileType = text.plist.xml; path = Info.plist; sourceTree = "<group>"; };
		C1D9D8B61F1B016500FBE298 /* altTests.xctest */ = {isa = PBXFileReference; explicitFileType = wrapper.cfbundle; includeInIndex = 0; path = altTests.xctest; sourceTree = BUILT_PRODUCTS_DIR; };
		C1D9D8BA1F1B016500FBE298 /* altTests.swift */ = {isa = PBXFileReference; lastKnownFileType = sourcecode.swift; path = altTests.swift; sourceTree = "<group>"; };
		C1D9D8BC1F1B016500FBE298 /* Info.plist */ = {isa = PBXFileReference; lastKnownFileType = text.plist.xml; path = Info.plist; sourceTree = "<group>"; };
		C1D9D8C11F1B016500FBE298 /* altUITests.xctest */ = {isa = PBXFileReference; explicitFileType = wrapper.cfbundle; includeInIndex = 0; path = altUITests.xctest; sourceTree = BUILT_PRODUCTS_DIR; };
		C1D9D8C51F1B016500FBE298 /* altUITests.swift */ = {isa = PBXFileReference; lastKnownFileType = sourcecode.swift; path = altUITests.swift; sourceTree = "<group>"; };
		C1D9D8C71F1B016500FBE298 /* Info.plist */ = {isa = PBXFileReference; lastKnownFileType = text.plist.xml; path = Info.plist; sourceTree = "<group>"; };
/* End PBXFileReference section */

/* Begin PBXFrameworksBuildPhase section */
		C1D9D89D1F1B016400FBE298 /* Frameworks */ = {
			isa = PBXFrameworksBuildPhase;
			buildActionMask = 2147483647;
			files = (
			);
			runOnlyForDeploymentPostprocessing = 0;
		};
		C1D9D8B31F1B016500FBE298 /* Frameworks */ = {
			isa = PBXFrameworksBuildPhase;
			buildActionMask = 2147483647;
			files = (
			);
			runOnlyForDeploymentPostprocessing = 0;
		};
		C1D9D8BE1F1B016500FBE298 /* Frameworks */ = {
			isa = PBXFrameworksBuildPhase;
			buildActionMask = 2147483647;
			files = (
			);
			runOnlyForDeploymentPostprocessing = 0;
		};
/* End PBXFrameworksBuildPhase section */

/* Begin PBXGroup section */
		C1D9D8971F1B016400FBE298 = {
			isa = PBXGroup;
			children = (
				C1D9D8A21F1B016400FBE298 /* alt */,
				C1D9D8B91F1B016500FBE298 /* altTests */,
				C1D9D8C41F1B016500FBE298 /* altUITests */,
				C1D9D8A11F1B016400FBE298 /* Products */,
			);
			sourceTree = "<group>";
		};
		C1D9D8A11F1B016400FBE298 /* Products */ = {
			isa = PBXGroup;
			children = (
				C1D9D8A01F1B016400FBE298 /* alt.app */,
				C1D9D8B61F1B016500FBE298 /* altTests.xctest */,
				C1D9D8C11F1B016500FBE298 /* altUITests.xctest */,
			);
			name = Products;
			sourceTree = "<group>";
		};
		C1D9D8A21F1B016400FBE298 /* alt */ = {
			isa = PBXGroup;
			children = (
				C1D9D8A31F1B016400FBE298 /* AppDelegate.swift */,
				C1D9D8A51F1B016400FBE298 /* FirstViewController.swift */,
				C1D9D8A71F1B016400FBE298 /* SecondViewController.swift */,
				C1D9D8A91F1B016400FBE298 /* Main.storyboard */,
				C1D9D8AC1F1B016400FBE298 /* Assets.xcassets */,
				C1D9D8AE1F1B016400FBE298 /* LaunchScreen.storyboard */,
				C1D9D8B11F1B016400FBE298 /* Info.plist */,
			);
			path = alt;
			sourceTree = "<group>";
		};
		C1D9D8B91F1B016500FBE298 /* altTests */ = {
			isa = PBXGroup;
			children = (
				C1D9D8BA1F1B016500FBE298 /* altTests.swift */,
				C1D9D8BC1F1B016500FBE298 /* Info.plist */,
			);
			path = altTests;
			sourceTree = "<group>";
		};
		C1D9D8C41F1B016500FBE298 /* altUITests */ = {
			isa = PBXGroup;
			children = (
				C1D9D8C51F1B016500FBE298 /* altUITests.swift */,
				C1D9D8C71F1B016500FBE298 /* Info.plist */,
			);
			path = altUITests;
			sourceTree = "<group>";
		};
/* End PBXGroup section */

/* Begin PBXNativeTarget section */
		C1D9D89F1F1B016400FBE298 /* alt */ = {
			isa = PBXNativeTarget;
			buildConfigurationList = C1D9D8CA1F1B016500FBE298 /* Build configuration list for PBXNativeTarget "alt" */;
			buildPhases = (
				C1D9D89C1F1B016400FBE298 /* Sources */,
				C1D9D89D1F1B016400FBE298 /* Frameworks */,
				C1D9D89E1F1B016400FBE298 /* Resources */,
			);
			buildRules = (
			);
			dependencies = (
			);
			name = alt;
			productName = alt;
			productReference = C1D9D8A01F1B016400FBE298 /* alt.app */;
			productType = "com.apple.product-type.application";
		};
		C1D9D8B51F1B016500FBE298 /* altTests */ = {
			isa = PBXNativeTarget;
			buildConfigurationList = C1D9D8CD1F1B016500FBE298 /* Build configuration list for PBXNativeTarget "altTests" */;
			buildPhases = (
				C1D9D8B21F1B016500FBE298 /* Sources */,
				C1D9D8B31F1B016500FBE298 /* Frameworks */,
				C1D9D8B41F1B016500FBE298 /* Resources */,
			);
			buildRules = (
			);
			dependencies = (
				C1D9D8B81F1B016500FBE298 /* PBXTargetDependency */,
			);
			name = altTests;
			productName = altTests;
			productReference = C1D9D8B61F1B016500FBE298 /* altTests.xctest */;
			productType = "com.apple.product-type.bundle.unit-test";
		};
		C1D9D8C01F1B016500FBE298 /* altUITests */ = {
			isa = PBXNativeTarget;
			buildConfigurationList = C1D9D8D01F1B016500FBE298 /* Build configuration list for PBXNativeTarget "altUITests" */;
			buildPhases = (
				C1D9D8BD1F1B016500FBE298 /* Sources */,
				C1D9D8BE1F1B016500FBE298 /* Frameworks */,
				C1D9D8BF1F1B016500FBE298 /* Resources */,
			);
			buildRules = (
			);
			dependencies = (
				C1D9D8C31F1B016500FBE298 /* PBXTargetDependency */,
			);
			name = altUITests;
			productName = altUITests;
			productReference = C1D9D8C11F1B016500FBE298 /* altUITests.xctest */;
			productType = "com.apple.product-type.bundle.ui-testing";
		};
/* End PBXNativeTarget section */

/* Begin PBXProject section */
		C1D9D8981F1B016400FBE298 /* Project object */ = {
			isa = PBXProject;
			attributes = {
				LastSwiftUpdateCheck = 0830;
				LastUpgradeCheck = 0830;
				ORGANIZATIONNAME = "Kota Okada";
				TargetAttributes = {
					C1D9D89F1F1B016400FBE298 = {
						CreatedOnToolsVersion = 8.3.3;
						ProvisioningStyle = Automatic;
					};
					C1D9D8B51F1B016500FBE298 = {
						CreatedOnToolsVersion = 8.3.3;
						ProvisioningStyle = Automatic;
						TestTargetID = C1D9D89F1F1B016400FBE298;
					};
					C1D9D8C01F1B016500FBE298 = {
						CreatedOnToolsVersion = 8.3.3;
						ProvisioningStyle = Automatic;
						TestTargetID = C1D9D89F1F1B016400FBE298;
					};
				};
			};
			buildConfigurationList = C1D9D89B1F1B016400FBE298 /* Build configuration list for PBXProject "alt" */;
			compatibilityVersion = "Xcode 3.2";
			developmentRegion = English;
			hasScannedForEncodings = 0;
			knownRegions = (
				en,
				Base,
			);
			mainGroup = C1D9D8971F1B016400FBE298;
			productRefGroup = C1D9D8A11F1B016400FBE298 /* Products */;
			projectDirPath = "";
			projectRoot = "";
			targets = (
				C1D9D89F1F1B016400FBE298 /* alt */,
				C1D9D8B51F1B016500FBE298 /* altTests */,
				C1D9D8C01F1B016500FBE298 /* altUITests */,
			);
		};
/* End PBXProject section */

/* Begin PBXResourcesBuildPhase section */
		C1D9D89E1F1B016400FBE298 /* Resources */ = {
			isa = PBXResourcesBuildPhase;
			buildActionMask = 2147483647;
			files = (
				C1D9D8B01F1B016400FBE298 /* LaunchScreen.storyboard in Resources */,
				C1D9D8AD1F1B016400FBE298 /* Assets.xcassets in Resources */,
				C1D9D8AB1F1B016400FBE298 /* Main.storyboard in Resources */,
			);
			runOnlyForDeploymentPostprocessing = 0;
		};
		C1D9D8B41F1B016500FBE298 /* Resources */ = {
			isa = PBXResourcesBuildPhase;
			buildActionMask = 2147483647;
			files = (
			);
			runOnlyForDeploymentPostprocessing = 0;
		};
		C1D9D8BF1F1B016500FBE298 /* Resources */ = {
			isa = PBXResourcesBuildPhase;
			buildActionMask = 2147483647;
			files = (
			);
			runOnlyForDeploymentPostprocessing = 0;
		};
/* End PBXResourcesBuildPhase section */

/* Begin PBXSourcesBuildPhase section */
		C1D9D89C1F1B016400FBE298 /* Sources */ = {
			isa = PBXSourcesBuildPhase;
			buildActionMask = 2147483647;
			files = (
				C1D9D8A81F1B016400FBE298 /* SecondViewController.swift in Sources */,
				C1D9D8A41F1B016400FBE298 /* AppDelegate.swift in Sources */,
				C1D9D8A61F1B016400FBE298 /* FirstViewController.swift in Sources */,
			);
			runOnlyForDeploymentPostprocessing = 0;
		};
		C1D9D8B21F1B016500FBE298 /* Sources */ = {
			isa = PBXSourcesBuildPhase;
			buildActionMask = 2147483647;
			files = (
				C1D9D8BB1F1B016500FBE298 /* altTests.swift in Sources */,
			);
			runOnlyForDeploymentPostprocessing = 0;
		};
		C1D9D8BD1F1B016500FBE298 /* Sources */ = {
			isa = PBXSourcesBuildPhase;
			buildActionMask = 2147483647;
			files = (
				C1D9D8C61F1B016500FBE298 /* altUITests.swift in Sources */,
			);
			runOnlyForDeploymentPostprocessing = 0;
		};
/* End PBXSourcesBuildPhase section */

/* Begin PBXTargetDependency section */
		C1D9D8B81F1B016500FBE298 /* PBXTargetDependency */ = {
			isa = PBXTargetDependency;
			target = C1D9D89F1F1B016400FBE298 /* alt */;
			targetProxy = C1D9D8B71F1B016500FBE298 /* PBXContainerItemProxy */;
		};
		C1D9D8C31F1B016500FBE298 /* PBXTargetDependency */ = {
			isa = PBXTargetDependency;
			target = C1D9D89F1F1B016400FBE298 /* alt */;
			targetProxy = C1D9D8C21F1B016500FBE298 /* PBXContainerItemProxy */;
		};
/* End PBXTargetDependency section */

/* Begin PBXVariantGroup section */
		C1D9D8A91F1B016400FBE298 /* Main.storyboard */ = {
			isa = PBXVariantGroup;
			children = (
				C1D9D8AA1F1B016400FBE298 /* Base */,
			);
			name = Main.storyboard;
			sourceTree = "<group>";
		};
		C1D9D8AE1F1B016400FBE298 /* LaunchScreen.storyboard */ = {
			isa = PBXVariantGroup;
			children = (
				C1D9D8AF1F1B016400FBE298 /* Base */,
			);
			name = LaunchScreen.storyboard;
			sourceTree = "<group>";
		};
/* End PBXVariantGroup section */

/* Begin XCBuildConfiguration section */
		C1D9D8C81F1B016500FBE298 /* Debug */ = {
			isa = XCBuildConfiguration;
			buildSettings = {
				ALWAYS_SEARCH_USER_PATHS = NO;
				CLANG_ANALYZER_NONNULL = YES;
				CLANG_ANALYZER_NUMBER_OBJECT_CONVERSION = YES_AGGRESSIVE;
				CLANG_CXX_LANGUAGE_STANDARD = "gnu++0x";
				CLANG_CXX_LIBRARY = "libc++";
				CLANG_ENABLE_MODULES = YES;
				CLANG_ENABLE_OBJC_ARC = YES;
				CLANG_WARN_BOOL_CONVERSION = YES;
				CLANG_WARN_CONSTANT_CONVERSION = YES;
				CLANG_WARN_DIRECT_OBJC_ISA_USAGE = YES_ERROR;
				CLANG_WARN_DOCUMENTATION_COMMENTS = YES;
				CLANG_WARN_EMPTY_BODY = YES;
				CLANG_WARN_ENUM_CONVERSION = YES;
				CLANG_WARN_INFINITE_RECURSION = YES;
				CLANG_WARN_INT_CONVERSION = YES;
				CLANG_WARN_OBJC_ROOT_CLASS = YES_ERROR;
				CLANG_WARN_SUSPICIOUS_MOVE = YES;
				CLANG_WARN_UNREACHABLE_CODE = YES;
				CLANG_WARN__DUPLICATE_METHOD_MATCH = YES;
				"CODE_SIGN_IDENTITY[sdk=iphoneos*]" = "iPhone Developer";
				COPY_PHASE_STRIP = NO;
				DEBUG_INFORMATION_FORMAT = dwarf;
				ENABLE_STRICT_OBJC_MSGSEND = YES;
				ENABLE_TESTABILITY = YES;
				GCC_C_LANGUAGE_STANDARD = gnu99;
				GCC_DYNAMIC_NO_PIC = NO;
				GCC_NO_COMMON_BLOCKS = YES;
				GCC_OPTIMIZATION_LEVEL = 0;
				GCC_PREPROCESSOR_DEFINITIONS = (
					"DEBUG=1",
					"$(inherited)",
				);
				GCC_WARN_64_TO_32_BIT_CONVERSION = YES;
				GCC_WARN_ABOUT_RETURN_TYPE = YES_ERROR;
				GCC_WARN_UNDECLARED_SELECTOR = YES;
				GCC_WARN_UNINITIALIZED_AUTOS = YES_AGGRESSIVE;
				GCC_WARN_UNUSED_FUNCTION = YES;
				GCC_WARN_UNUSED_VARIABLE = YES;
				IPHONEOS_DEPLOYMENT_TARGET = 10.3;
				MTL_ENABLE_DEBUG_INFO = YES;
				ONLY_ACTIVE_ARCH = YES;
				SDKROOT = iphoneos;
				SWIFT_ACTIVE_COMPILATION_CONDITIONS = DEBUG;
				SWIFT_OPTIMIZATION_LEVEL = "-Onone";
			};
			name = Debug;
		};
		C1D9D8C91F1B016500FBE298 /* Release */ = {
			isa = XCBuildConfiguration;
			buildSettings = {
				ALWAYS_SEARCH_USER_PATHS = NO;
				CLANG_ANALYZER_NONNULL = YES;
				CLANG_ANALYZER_NUMBER_OBJECT_CONVERSION = YES_AGGRESSIVE;
				CLANG_CXX_LANGUAGE_STANDARD = "gnu++0x";
				CLANG_CXX_LIBRARY = "libc++";
				CLANG_ENABLE_MODULES = YES;
				CLANG_ENABLE_OBJC_ARC = YES;
				CLANG_WARN_BOOL_CONVERSION = YES;
				CLANG_WARN_CONSTANT_CONVERSION = YES;
				CLANG_WARN_DIRECT_OBJC_ISA_USAGE = YES_ERROR;
				CLANG_WARN_DOCUMENTATION_COMMENTS = YES;
				CLANG_WARN_EMPTY_BODY = YES;
				CLANG_WARN_ENUM_CONVERSION = YES;
				CLANG_WARN_INFINITE_RECURSION = YES;
				CLANG_WARN_INT_CONVERSION = YES;
				CLANG_WARN_OBJC_ROOT_CLASS = YES_ERROR;
				CLANG_WARN_SUSPICIOUS_MOVE = YES;
				CLANG_WARN_UNREACHABLE_CODE = YES;
				CLANG_WARN__DUPLICATE_METHOD_MATCH = YES;
				"CODE_SIGN_IDENTITY[sdk=iphoneos*]" = "iPhone Developer";
				COPY_PHASE_STRIP = NO;
				DEBUG_INFORMATION_FORMAT = "dwarf-with-dsym";
				ENABLE_NS_ASSERTIONS = NO;
				ENABLE_STRICT_OBJC_MSGSEND = YES;
				GCC_C_LANGUAGE_STANDARD = gnu99;
				GCC_NO_COMMON_BLOCKS = YES;
				GCC_WARN_64_TO_32_BIT_CONVERSION = YES;
				GCC_WARN_ABOUT_RETURN_TYPE = YES_ERROR;
				GCC_WARN_UNDECLARED_SELECTOR = YES;
				GCC_WARN_UNINITIALIZED_AUTOS = YES_AGGRESSIVE;
				GCC_WARN_UNUSED_FUNCTION = YES;
				GCC_WARN_UNUSED_VARIABLE = YES;
				IPHONEOS_DEPLOYMENT_TARGET = 10.3;
				MTL_ENABLE_DEBUG_INFO = NO;
				SDKROOT = iphoneos;
				SWIFT_OPTIMIZATION_LEVEL = "-Owholemodule";
				VALIDATE_PRODUCT = YES;
			};
			name = Release;
		};
		C1D9D8CB1F1B016500FBE298 /* Debug */ = {
			isa = XCBuildConfiguration;
			buildSettings = {
				ASSETCATALOG_COMPILER_APPICON_NAME = AppIcon;
				INFOPLIST_FILE = alt/Info.plist;
				LD_RUNPATH_SEARCH_PATHS = "$(inherited) @executable_path/Frameworks";
				PRODUCT_BUNDLE_IDENTIFIER = "tech.project-alt.alt";
				PRODUCT_NAME = "$(TARGET_NAME)";
				SWIFT_VERSION = 3.0;
			};
			name = Debug;
		};
		C1D9D8CC1F1B016500FBE298 /* Release */ = {
			isa = XCBuildConfiguration;
			buildSettings = {
				ASSETCATALOG_COMPILER_APPICON_NAME = AppIcon;
				INFOPLIST_FILE = alt/Info.plist;
				LD_RUNPATH_SEARCH_PATHS = "$(inherited) @executable_path/Frameworks";
				PRODUCT_BUNDLE_IDENTIFIER = "tech.project-alt.alt";
				PRODUCT_NAME = "$(TARGET_NAME)";
				SWIFT_VERSION = 3.0;
			};
			name = Release;
		};
		C1D9D8CE1F1B016500FBE298 /* Debug */ = {
			isa = XCBuildConfiguration;
			buildSettings = {
				ALWAYS_EMBED_SWIFT_STANDARD_LIBRARIES = YES;
				BUNDLE_LOADER = "$(TEST_HOST)";
				INFOPLIST_FILE = altTests/Info.plist;
				LD_RUNPATH_SEARCH_PATHS = "$(inherited) @executable_path/Frameworks @loader_path/Frameworks";
				PRODUCT_BUNDLE_IDENTIFIER = "tech.project-alt.altTests";
				PRODUCT_NAME = "$(TARGET_NAME)";
				SWIFT_VERSION = 3.0;
				TEST_HOST = "$(BUILT_PRODUCTS_DIR)/alt.app/alt";
			};
			name = Debug;
		};
		C1D9D8CF1F1B016500FBE298 /* Release */ = {
			isa = XCBuildConfiguration;
			buildSettings = {
				ALWAYS_EMBED_SWIFT_STANDARD_LIBRARIES = YES;
				BUNDLE_LOADER = "$(TEST_HOST)";
				INFOPLIST_FILE = altTests/Info.plist;
				LD_RUNPATH_SEARCH_PATHS = "$(inherited) @executable_path/Frameworks @loader_path/Frameworks";
				PRODUCT_BUNDLE_IDENTIFIER = "tech.project-alt.altTests";
				PRODUCT_NAME = "$(TARGET_NAME)";
				SWIFT_VERSION = 3.0;
				TEST_HOST = "$(BUILT_PRODUCTS_DIR)/alt.app/alt";
			};
			name = Release;
		};
		C1D9D8D11F1B016500FBE298 /* Debug */ = {
			isa = XCBuildConfiguration;
			buildSettings = {
				ALWAYS_EMBED_SWIFT_STANDARD_LIBRARIES = YES;
				INFOPLIST_FILE = altUITests/Info.plist;
				LD_RUNPATH_SEARCH_PATHS = "$(inherited) @executable_path/Frameworks @loader_path/Frameworks";
				PRODUCT_BUNDLE_IDENTIFIER = "tech.project-alt.altUITests";
				PRODUCT_NAME = "$(TARGET_NAME)";
				SWIFT_VERSION = 3.0;
				TEST_TARGET_NAME = alt;
			};
			name = Debug;
		};
		C1D9D8D21F1B016500FBE298 /* Release */ = {
			isa = XCBuildConfiguration;
			buildSettings = {
				ALWAYS_EMBED_SWIFT_STANDARD_LIBRARIES = YES;
				INFOPLIST_FILE = altUITests/Info.plist;
				LD_RUNPATH_SEARCH_PATHS = "$(inherited) @executable_path/Frameworks @loader_path/Frameworks";
				PRODUCT_BUNDLE_IDENTIFIER = "tech.project-alt.altUITests";
				PRODUCT_NAME = "$(TARGET_NAME)";
				SWIFT_VERSION = 3.0;
				TEST_TARGET_NAME = alt;
			};
			name = Release;
		};
/* End XCBuildConfiguration section */

/* Begin XCConfigurationList section */
		C1D9D89B1F1B016400FBE298 /* Build configuration list for PBXProject "alt" */ = {
			isa = XCConfigurationList;
			buildConfigurations = (
				C1D9D8C81F1B016500FBE298 /* Debug */,
				C1D9D8C91F1B016500FBE298 /* Release */,
			);
			defaultConfigurationIsVisible = 0;
			defaultConfigurationName = Release;
		};
		C1D9D8CA1F1B016500FBE298 /* Build configuration list for PBXNativeTarget "alt" */ = {
			isa = XCConfigurationList;
			buildConfigurations = (
				C1D9D8CB1F1B016500FBE298 /* Debug */,
				C1D9D8CC1F1B016500FBE298 /* Release */,
			);
			defaultConfigurationIsVisible = 0;
		};
		C1D9D8CD1F1B016500FBE298 /* Build configuration list for PBXNativeTarget "altTests" */ = {
			isa = XCConfigurationList;
			buildConfigurations = (
				C1D9D8CE1F1B016500FBE298 /* Debug */,
				C1D9D8CF1F1B016500FBE298 /* Release */,
			);
			defaultConfigurationIsVisible = 0;
		};
		C1D9D8D01F1B016500FBE298 /* Build configuration list for PBXNativeTarget "altUITests" */ = {
			isa = XCConfigurationList;
			buildConfigurations = (
				C1D9D8D11F1B016500FBE298 /* Debug */,
				C1D9D8D21F1B016500FBE298 /* Release */,
			);
			defaultConfigurationIsVisible = 0;
		};
/* End XCConfigurationList section */
	};
	rootObject = C1D9D8981F1B016400FBE298 /* Project object */;
}
